
Microsoft Visual Studio Solution File, Format Version 11.00
# Visual Studio 2010
Project("{FAE04EC0-301F-11D3-BF4B-00C04F79EFBC}") = "lpc", "lpc\lpc.csproj", "{A4000CBB-218C-4BB6-88C7-F1C783C905EB}"
EndProject
Global
	GlobalSection(SolutionConfigurationPlatforms) = preSolution
		Debug|x86 = Debug|x86
		Release|x86 = Release|x86
	EndGlobalSection
	GlobalSection(ProjectConfigurationPlatforms) = postSolution
		{A4000CBB-218C-4BB6-88C7-F1C783C905EB}.Debug|x86.ActiveCfg = Debug|x86
		{A4000CBB-218C-4BB6-88C7-F1C783C905EB}.Debug|x86.Build.0 = Debug|x86
		{A4000CBB-218C-4BB6-88C7-F1C783C905EB}.Release|x86.ActiveCfg = Release|x86
		{A4000CBB-218C-4BB6-88C7-F1C783C905EB}.Release|x86.Build.0 = Release|x86
	EndGlobalSection
	GlobalSection(SolutionProperties) = preSolution
		HideSolutionNode = FALSE
	EndGlobalSection
EndGlobal
