
Microsoft Visual Studio Solution File, Format Version 12.00
# Visual Studio 2012
Project("{FAE04EC0-301F-11D3-BF4B-00C04F79EFBC}") = "checkcirclepixel", "checkcirclepixel\checkcirclepixel.csproj", "{007F0C6B-11E2-41A6-8E02-6BE290135A0E}"
EndProject
Global
	GlobalSection(SolutionConfigurationPlatforms) = preSolution
		Debug|Any CPU = Debug|Any CPU
		Release|Any CPU = Release|Any CPU
	EndGlobalSection
	GlobalSection(ProjectConfigurationPlatforms) = postSolution
		{007F0C6B-11E2-41A6-8E02-6BE290135A0E}.Debug|Any CPU.ActiveCfg = Debug|Any CPU
		{007F0C6B-11E2-41A6-8E02-6BE290135A0E}.Debug|Any CPU.Build.0 = Debug|Any CPU
		{007F0C6B-11E2-41A6-8E02-6BE290135A0E}.Release|Any CPU.ActiveCfg = Release|Any CPU
		{007F0C6B-11E2-41A6-8E02-6BE290135A0E}.Release|Any CPU.Build.0 = Release|Any CPU
	EndGlobalSection
	GlobalSection(SolutionProperties) = preSolution
		HideSolutionNode = FALSE
	EndGlobalSection
EndGlobal
